{
  "version": 4,
  "terraform_version": "1.3.1",
  "serial": 20,
  "lineage": "6b8764f9-4046-4642-163a-438c71b4d857",
  "outputs": {
    "azurerm_linux_virtual_machine": {
      "value": [
        {
          "offer": "0001-com-ubuntu-server-focal",
          "publisher": "Canonical",
          "sku": "20_04-lts-gen2",
          "version": "20.04.202209200"
        }
      ],
      "type": [
        "list",
        [
          "object",
          {
            "offer": "string",
            "publisher": "string",
            "sku": "string",
            "version": "string"
          }
        ]
      ]
    },
    "azurerm_mysql_database": {
      "value": "naidiyk-mysql-server",
      "type": "string"
    },
    "azurerm_mysql_server": {
      "value": "naidiyk-mysql-server",
      "type": "string"
    },
    "azurerm_windows_virtual_machine": {
      "value": [
        {
          "offer": "WindowsServer",
          "publisher": "MicrosoftWindowsServer",
          "sku": "2016-Datacenter",
          "version": "latest"
        }
      ],
      "type": [
        "list",
        [
          "object",
          {
            "offer": "string",
            "publisher": "string",
            "sku": "string",
            "version": "string"
          }
        ]
      ]
    },
    "resource_group_name": {
      "value": "naidiyk-terraform-rg-hopeful-monkey",
      "type": "string"
    },
    "tls_private_key": {
      "value": "-----BEGIN RSA PRIVATE KEY-----\nMIIJKgIBAAKCAgEAxWOeF2f2aW5ytUQD5hXrKcvTK4ftTBMXnOxljYNDhiDvexEs\nw05JtstqmREdbohpoFw8Evb3Q44iwT2+LuS1h3JnR7kiOGCOMlKfi6+PKPeaR2RU\nKwv0iCj1OAPS0/QPhH/wcayzpX9W/up5bld0O80a55fP8SxQ4aQBDasFIg4uHPcy\nqxcjDuQrXSdjVV0yuOWubZYeMPoAzL7gb1E3IZADQDBCqSdyn4yIOYBLdokMBcl5\nIQU0waYTy4QkC6hXVU3INgBn8D5/cEIVLl8cA3iLD6Luye1XrqBWJdN3JCwfBc+o\nojVJHQAY0n6tAx/DcpgOdAqWSIE2GBxh4V0wqHUL5GiW8kpHSm3h2Aq9RaDNQIZf\n/JwiziNEP90MmAWLBiwuAIT0FE9JE+yPCKsfWNA24QtoGOeTFQrSFrn5wnNOXodZ\nOFc5QPfxQ2YkQ9Y+/lryo3qg3+xQuBUxQPYhIIKEE/TGSVWV0IN2w7fXEwoUhSxB\nKZmcFZ3H0ZUbvQ9dcENXDCYjfhgmjY1+DMZ3z65meYrToP/ayzDal8L4vHiKVzw7\nxaz8pgR8FBF/D9vFLL1eFa90eH8G2rxUqMAXF/nvXF1PrdYQN5Vncq9Bf9kkI1Bd\nsXSgy3e4M27h0P31WBF+l7admJnbNiDAuFnwYo8ibe3Lt3TyKFwcZ26QLXsCAwEA\nAQKCAgEAhwKeLXBEkNSkzOsap5OyZ8IsTAgK/Q/KBOGEjIiN9P4uD0UuEuBHdyon\nXU7hjKrtZGvyAx68/Y4Io5gxry1sJJrRnbM5fso8OJte2VJZXzIMamxrTY490awC\nHjAvUh4LRxujQH1Z2wcAYBfMuvZCYGznzCSAbHtdTxi4R7sEJckBLXq/Q1rt9c+H\nAY5hWRAIE4O2DOqy99joFyMvq7QnO2OfdZYM4lpDAnJC8uGXvBn9CTBHE5jV/uYz\nf+6AISEhqw0qthUNArwcupHYnwEazhzzMNzG64LViHHOusyrHyi2h2kD9P7xZU6d\nq8xNVmexbX4n1KMxK6KFd3RiVp1BG6R+0MyNmYQ4eTJPgNQUZkPAEwFN6+z8tIQ+\nszCa3Kzv6NQNSsPiv3BV+pt92zvq0B318Nr7ozxpS12Fg/Vc0mJ6I576gOUgQsfJ\nQlnKMnxus/NHws8Rv05blb92e097Jhvz0PksUqrfiZCOG61ThvL9qVxYIU0+f200\nvL7DpLj4toTxq9tfyW18ETh7sde7uK1OyG8ie25I2OkR970aXETABO9r4phdCzlZ\nqMS6Ij2a0X3uZgDpT2ol7VjaKBNgHw9TF0QbR1JboyhaRJAnkqrs5elZO3zX0eks\nnPuTY5AkJP2lS6QVQ6b5sra4qJdpqRlCBGWTZ76tRQj3BnFqd/ECggEBAN9hdPNY\nlPq1UlbU/JGAOX2zSVpcWjHu5+y2mLlplj32OiTL5HaO2V3FTptFAMKyYr4c24s/\ndMtFErjhlYJWzCZG9/RzsemeILmIjrX30uvK+9oGJl1tZwT3aDnbfFBbbO7qoj8o\n4FIRqF9ljypdAZEbPRQaLPx002fVk4R5EdEpw2R6oslKUZ3Sb0/en59JFA8x95YY\nRZxUBwhrjo2bDOIxPnICIVWWKNhciasL/KN3BqO44qUwI4kKn5o60C+U8xoN8QYQ\nE3b2j8l2VAVaOBYo8DvsIuQajEP9oI/x4ZwN41G6t+P8V6lkNyfft5ej3Y3ZHGxh\nvJCR/5lQFnHfYK8CggEBAOI2h4/X0WGyZjoz9aTFmy9GePaIB9M5UOxCENGpQkTg\naV3HM1a+qvyKTHn1x0uXNfXsYtu5xFq76YqNkiO/G3L1S9zo+aqO6psnqyIpVS4E\nwgPyUDuF7NX4lDMfbfd1mgrPhZP1XC4YmAebCFSCO74BJjputQlAc5zBFSp1Tcvq\nyIlVF1vMr1rIuICYhpH1FYG3fAo2GA1SzQ5dJQPIYcB4c61y18u8Ig6pNWhFmUrN\ngja/wXnFl5aR8+PdmfDOPvclbBOPFIUSnGLdACFjOf7P1kldx941gDi0rdkwnG10\nEKvVC6nqu4eXnmuMIWQctFIlusXAqkCxggiTDNRvOvUCggEAd9d5PvTPOJH+0scB\nma4JKf7945SYbyGVG9H6rb6P9D4dg5A/ybtpsn0gZvzmI45Am24v+szYhBVSrg2Y\ngIzAieiZLnTDhmpndCJnLgj/B7Gm3JlgC8+d7XQuXpv6XcIu9x66XNg5QM5oXoXG\nARxUstzCL/67E9Y5dQOIWRH7FRQq18VTgFp23wz+2wK88F/sexp7kfMDpZMPEt1h\nZWdByjhRICk0aQ5ea3V6BmIv8CLzVPLj5WumJOemKMBU4LIwmlHQdUg6qSAulA7/\nlL+KR5k/CWbucSItDm0Lry49s9NfmYFrFs1S2nYBgUrs3FX1jxxju2HUIFuznTTy\nVbVZ0QKCAQEArpi14vEJe6VtP6kRBJ88Wq3C+U0e9Qm9Cs0nHBvOuUiYKrhwSJib\ncpXv1wY7T32jOW+9Eah9BCcbZ0RDsnFzZzQq3JO498qdCyn/7TsHsqAbe15QTNDe\nbnwRLrAoeSH8xjFMAVoUTsPOu7gOIuPt5oYOknUWJ9DmKuvgQUgOxsAtDcpuX/1I\nrwJTXXXcD9WhRuBuzZbY05fAC0EbK6NCx4JwjkQgiPBpPPWe8h8d5N1fjpBMbYdz\nq9R08L/+bB1T/f+VPjdl+BvYNnoq+poSjjiuRSwr8rdKgvn5YLQjWFuH7oheG0TA\nfzQoIwwiTZnWF71lPfKptYsMOT/+XAyJ7QKCAQEAxzh4eBvOAUqh8cRe+yuHywkm\n7Pqm87q2vIIONQbzJ1BJ79ZBfisBJZIjBvgYzrZwB9ZeQicol9JBbVTFXgNEj+kW\nqTDJtMuH87aFVVY+7pgHc2Giom2v2akIwzlYNIKp82g0kgkmKv/hCCYzs06tZ3/J\nFOX+T7vBB7KxPSZO04/RJStoyPjDA80Qqt/sPIgjaGBwdiBUW3f+bsFMNXXs7QSK\nMMM/T8yGto28bPc1rGSPhcdEhfB1S1yDoQOnGEsTciBQzF+bZoaLwG6cehyeEB9x\nlh3zx7YDoknFQpcemoQKmfG+9jswWA5ALpQPQiNUBJ6aJIrtIVH60Lib3KgQCw==\n-----END RSA PRIVATE KEY-----\n",
      "type": "string",
      "sensitive": true
    }
  },
  "resources": [
    {
      "mode": "managed",
      "type": "azurerm_linux_virtual_machine",
      "name": "naidiyk_terraform_ubuntu",
      "provider": "provider[\"registry.terraform.io/hashicorp/azurerm\"]",
      "instances": [
        {
          "schema_version": 0,
          "attributes": {
            "additional_capabilities": [],
            "admin_password": null,
            "admin_ssh_key": [
              {
                "public_key": "ssh-rsa AAAAB3NzaC1yc2EAAAADAQABAAACAQDFY54XZ/ZpbnK1RAPmFespy9Mrh+1MExec7GWNg0OGIO97ESzDTkm2y2qZER1uiGmgXDwS9vdDjiLBPb4u5LWHcmdHuSI4YI4yUp+Lr48o95pHZFQrC/SIKPU4A9LT9A+Ef/BxrLOlf1b+6nluV3Q7zRrnl8/xLFDhpAENqwUiDi4c9zKrFyMO5CtdJ2NVXTK45a5tlh4w+gDMvuBvUTchkANAMEKpJ3KfjIg5gEt2iQwFyXkhBTTBphPLhCQLqFdVTcg2AGfwPn9wQhUuXxwDeIsPou7J7VeuoFYl03ckLB8Fz6iiNUkdABjSfq0DH8NymA50CpZIgTYYHGHhXTCodQvkaJbySkdKbeHYCr1FoM1Ahl/8nCLOI0Q/3QyYBYsGLC4AhPQUT0kT7I8Iqx9Y0DbhC2gY55MVCtIWufnCc05eh1k4VzlA9/FDZiRD1j7+WvKjeqDf7FC4FTFA9iEggoQT9MZJVZXQg3bDt9cTChSFLEEpmZwVncfRlRu9D11wQ1cMJiN+GCaNjX4MxnfPrmZ5itOg/9rLMNqXwvi8eIpXPDvFrPymBHwUEX8P28UsvV4Vr3R4fwbavFSowBcX+e9cXU+t1hA3lWdyr0F/2SQjUF2xdKDLd7gzbuHQ/fVYEX6Xtp2Ymds2IMC4WfBijyJt7cu3dPIoXBxnbpAtew==\n",
                "username": "useradmin"
              }
            ],
            "admin_username": "useradmin",
            "allow_extension_operations": true,
            "availability_set_id": "",
            "boot_diagnostics": [
              {
                "storage_account_uri": "https://diag6837de528ee9090d.blob.core.windows.net/"
              }
            ],
            "computer_name": "Ubuntu2004",
            "custom_data": null,
            "dedicated_host_group_id": "",
            "dedicated_host_id": "",
            "disable_password_authentication": true,
            "encryption_at_host_enabled": false,
            "eviction_policy": "",
            "extensions_time_budget": "PT1H30M",
            "id": "/subscriptions/2612ef62-2429-4521-af81-5aa451f37633/resourceGroups/naidiyk-terraform-rg-hopeful-monkey/providers/Microsoft.Compute/virtualMachines/TerraformUbuntu",
            "identity": [],
            "license_type": "",
            "location": "westeurope",
            "max_bid_price": -1,
            "name": "TerraformUbuntu",
            "network_interface_ids": [
              "/subscriptions/2612ef62-2429-4521-af81-5aa451f37633/resourceGroups/naidiyk-terraform-rg-hopeful-monkey/providers/Microsoft.Network/networkInterfaces/TerraformUbuntuNIC"
            ],
            "os_disk": [
              {
                "caching": "ReadWrite",
                "diff_disk_settings": [],
                "disk_encryption_set_id": "",
                "disk_size_gb": 30,
                "name": "UbuntuOsDisk",
                "storage_account_type": "Standard_LRS",
                "write_accelerator_enabled": false
              }
            ],
            "patch_mode": "ImageDefault",
            "plan": [],
            "platform_fault_domain": -1,
            "priority": "Regular",
            "private_ip_address": "10.0.110.5",
            "private_ip_addresses": [
              "10.0.110.5"
            ],
            "provision_vm_agent": true,
            "proximity_placement_group_id": "",
            "public_ip_address": "20.224.239.24",
            "public_ip_addresses": [
              "20.224.239.24"
            ],
            "resource_group_name": "naidiyk-terraform-rg-hopeful-monkey",
            "secret": [],
            "secure_boot_enabled": false,
            "size": "Standard_DS1_v2",
            "source_image_id": "",
            "source_image_reference": [
              {
                "offer": "0001-com-ubuntu-server-focal",
                "publisher": "Canonical",
                "sku": "20_04-lts-gen2",
                "version": "20.04.202209200"
              }
            ],
            "tags": null,
            "timeouts": null,
            "user_data": "",
            "virtual_machine_id": "928a8231-8049-47df-8080-1d9de92f61aa",
            "virtual_machine_scale_set_id": "",
            "vtpm_enabled": false,
            "zone": ""
          },
          "sensitive_attributes": [],
          "private": "eyJlMmJmYjczMC1lY2FhLTExZTYtOGY4OC0zNDM2M2JjN2M0YzAiOnsiY3JlYXRlIjoyNzAwMDAwMDAwMDAwLCJkZWxldGUiOjI3MDAwMDAwMDAwMDAsInJlYWQiOjMwMDAwMDAwMDAwMCwidXBkYXRlIjoyNzAwMDAwMDAwMDAwfX0=",
          "dependencies": [
            "azurerm_network_interface.naidiyk_terraform_ubuntu_nic",
            "azurerm_public_ip.ubuntu_terraform_public_ip",
            "azurerm_resource_group.naidiyk-terraform",
            "azurerm_storage_account.naidiyk_storage_account",
            "azurerm_subnet.naidiyk_terraform_subnet",
            "azurerm_virtual_network.naidiyk_terraform_network",
            "random_id.random_id",
            "random_pet.rg_name",
            "tls_private_key.example_ssh"
          ]
        }
      ]
    },
    {
      "mode": "managed",
      "type": "azurerm_mysql_database",
      "name": "testdb",
      "provider": "provider[\"registry.terraform.io/hashicorp/azurerm\"]",
      "instances": [
        {
          "schema_version": 0,
          "attributes": {
            "charset": "utf8",
            "collation": "utf8_unicode_ci",
            "id": "/subscriptions/2612ef62-2429-4521-af81-5aa451f37633/resourceGroups/naidiyk-terraform-rg-hopeful-monkey/providers/Microsoft.DBforMySQL/servers/naidiyk-mysql-server/databases/test-db",
            "name": "test-db",
            "resource_group_name": "naidiyk-terraform-rg-hopeful-monkey",
            "server_name": "naidiyk-mysql-server",
            "timeouts": null
          },
          "sensitive_attributes": [],
          "private": "eyJlMmJmYjczMC1lY2FhLTExZTYtOGY4OC0zNDM2M2JjN2M0YzAiOnsiY3JlYXRlIjozNjAwMDAwMDAwMDAwLCJkZWxldGUiOjM2MDAwMDAwMDAwMDAsInJlYWQiOjMwMDAwMDAwMDAwMCwidXBkYXRlIjozNjAwMDAwMDAwMDAwfX0=",
          "dependencies": [
            "azurerm_mysql_server.testmysql",
            "azurerm_resource_group.naidiyk-terraform",
            "random_pet.rg_name"
          ]
        }
      ]
    },
    {
      "mode": "managed",
      "type": "azurerm_mysql_firewall_rule",
      "name": "ruledb",
      "provider": "provider[\"registry.terraform.io/hashicorp/azurerm\"]",
      "instances": [
        {
          "schema_version": 0,
          "attributes": {
            "end_ip_address": "3.120.134.107",
            "id": "/subscriptions/2612ef62-2429-4521-af81-5aa451f37633/resourceGroups/naidiyk-terraform-rg-hopeful-monkey/providers/Microsoft.DBforMySQL/servers/naidiyk-mysql-server/firewallRules/firewall-rule-db",
            "name": "firewall-rule-db",
            "resource_group_name": "naidiyk-terraform-rg-hopeful-monkey",
            "server_name": "naidiyk-mysql-server",
            "start_ip_address": "3.120.134.107",
            "timeouts": null
          },
          "sensitive_attributes": [],
          "private": "eyJlMmJmYjczMC1lY2FhLTExZTYtOGY4OC0zNDM2M2JjN2M0YzAiOnsiY3JlYXRlIjoxODAwMDAwMDAwMDAwLCJkZWxldGUiOjE4MDAwMDAwMDAwMDAsInJlYWQiOjMwMDAwMDAwMDAwMCwidXBkYXRlIjoxODAwMDAwMDAwMDAwfX0=",
          "dependencies": [
            "azurerm_mysql_server.testmysql",
            "azurerm_resource_group.naidiyk-terraform",
            "random_pet.rg_name"
          ]
        }
      ]
    },
    {
      "mode": "managed",
      "type": "azurerm_mysql_server",
      "name": "testmysql",
      "provider": "provider[\"registry.terraform.io/hashicorp/azurerm\"]",
      "instances": [
        {
          "schema_version": 0,
          "attributes": {
            "administrator_login": "adminmysql",
            "administrator_login_password": "P@ssDBtest1",
            "auto_grow_enabled": false,
            "backup_retention_days": 7,
            "create_mode": "Default",
            "creation_source_server_id": null,
            "fqdn": "naidiyk-mysql-server.mysql.database.azure.com",
            "geo_redundant_backup_enabled": false,
            "id": "/subscriptions/2612ef62-2429-4521-af81-5aa451f37633/resourceGroups/naidiyk-terraform-rg-hopeful-monkey/providers/Microsoft.DBforMySQL/servers/naidiyk-mysql-server",
            "identity": [],
            "infrastructure_encryption_enabled": false,
            "location": "westeurope",
            "name": "naidiyk-mysql-server",
            "public_network_access_enabled": true,
            "resource_group_name": "naidiyk-terraform-rg-hopeful-monkey",
            "restore_point_in_time": null,
            "sku_name": "GP_Gen5_2",
            "ssl_enforcement": "Enabled",
            "ssl_enforcement_enabled": true,
            "ssl_minimal_tls_version_enforced": "TLSEnforcementDisabled",
            "storage_mb": 5120,
            "storage_profile": [
              {
                "auto_grow": "Disabled",
                "backup_retention_days": 7,
                "geo_redundant_backup": "Disabled",
                "storage_mb": 5120
              }
            ],
            "tags": null,
            "threat_detection_policy": [],
            "timeouts": null,
            "version": "8.0"
          },
          "sensitive_attributes": [],
          "private": "eyJlMmJmYjczMC1lY2FhLTExZTYtOGY4OC0zNDM2M2JjN2M0YzAiOnsiY3JlYXRlIjozNjAwMDAwMDAwMDAwLCJkZWxldGUiOjM2MDAwMDAwMDAwMDAsInJlYWQiOjMwMDAwMDAwMDAwMCwidXBkYXRlIjozNjAwMDAwMDAwMDAwfX0=",
          "dependencies": [
            "azurerm_resource_group.naidiyk-terraform",
            "random_pet.rg_name"
          ]
        }
      ]
    },
    {
      "mode": "managed",
      "type": "azurerm_network_interface",
      "name": "naidiyk_terraform_ubuntu_nic",
      "provider": "provider[\"registry.terraform.io/hashicorp/azurerm\"]",
      "instances": [
        {
          "schema_version": 0,
          "attributes": {
            "applied_dns_servers": [],
            "dns_servers": [],
            "enable_accelerated_networking": false,
            "enable_ip_forwarding": false,
            "id": "/subscriptions/2612ef62-2429-4521-af81-5aa451f37633/resourceGroups/naidiyk-terraform-rg-hopeful-monkey/providers/Microsoft.Network/networkInterfaces/TerraformUbuntuNIC",
            "internal_dns_name_label": "",
            "internal_domain_name_suffix": "hxtuespckakudgtvenm4w4niee.ax.internal.cloudapp.net",
            "ip_configuration": [
              {
                "gateway_load_balancer_frontend_ip_configuration_id": "",
                "name": "terraform_ubuntu_nic_configuration",
                "primary": true,
                "private_ip_address": "10.0.110.5",
                "private_ip_address_allocation": "Dynamic",
                "private_ip_address_version": "IPv4",
                "public_ip_address_id": "/subscriptions/2612ef62-2429-4521-af81-5aa451f37633/resourceGroups/naidiyk-terraform-rg-hopeful-monkey/providers/Microsoft.Network/publicIPAddresses/Ubuntu-terraform-PublicIP",
                "subnet_id": "/subscriptions/2612ef62-2429-4521-af81-5aa451f37633/resourceGroups/naidiyk-terraform-rg-hopeful-monkey/providers/Microsoft.Network/virtualNetworks/terraformVnet/subnets/terraformSubnet"
              }
            ],
            "location": "westeurope",
            "mac_address": "",
            "name": "TerraformUbuntuNIC",
            "private_ip_address": "10.0.110.5",
            "private_ip_addresses": [
              "10.0.110.5"
            ],
            "resource_group_name": "naidiyk-terraform-rg-hopeful-monkey",
            "tags": null,
            "timeouts": null,
            "virtual_machine_id": ""
          },
          "sensitive_attributes": [],
          "private": "eyJlMmJmYjczMC1lY2FhLTExZTYtOGY4OC0zNDM2M2JjN2M0YzAiOnsiY3JlYXRlIjoxODAwMDAwMDAwMDAwLCJkZWxldGUiOjE4MDAwMDAwMDAwMDAsInJlYWQiOjMwMDAwMDAwMDAwMCwidXBkYXRlIjoxODAwMDAwMDAwMDAwfX0=",
          "dependencies": [
            "azurerm_public_ip.ubuntu_terraform_public_ip",
            "azurerm_resource_group.naidiyk-terraform",
            "azurerm_subnet.naidiyk_terraform_subnet",
            "azurerm_virtual_network.naidiyk_terraform_network",
            "random_pet.rg_name"
          ]
        }
      ]
    },
    {
      "mode": "managed",
      "type": "azurerm_network_interface",
      "name": "naidiyk_terraform_win_nic",
      "provider": "provider[\"registry.terraform.io/hashicorp/azurerm\"]",
      "instances": [
        {
          "schema_version": 0,
          "attributes": {
            "applied_dns_servers": [],
            "dns_servers": [],
            "enable_accelerated_networking": false,
            "enable_ip_forwarding": false,
            "id": "/subscriptions/2612ef62-2429-4521-af81-5aa451f37633/resourceGroups/naidiyk-terraform-rg-hopeful-monkey/providers/Microsoft.Network/networkInterfaces/TerraformWinNIC",
            "internal_dns_name_label": "",
            "internal_domain_name_suffix": "hxtuespckakudgtvenm4w4niee.ax.internal.cloudapp.net",
            "ip_configuration": [
              {
                "gateway_load_balancer_frontend_ip_configuration_id": "",
                "name": "terraform_win_nic_configuration",
                "primary": true,
                "private_ip_address": "10.0.110.4",
                "private_ip_address_allocation": "Dynamic",
                "private_ip_address_version": "IPv4",
                "public_ip_address_id": "/subscriptions/2612ef62-2429-4521-af81-5aa451f37633/resourceGroups/naidiyk-terraform-rg-hopeful-monkey/providers/Microsoft.Network/publicIPAddresses/Win-terraform-PublicIP",
                "subnet_id": "/subscriptions/2612ef62-2429-4521-af81-5aa451f37633/resourceGroups/naidiyk-terraform-rg-hopeful-monkey/providers/Microsoft.Network/virtualNetworks/terraformVnet/subnets/terraformSubnet"
              }
            ],
            "location": "westeurope",
            "mac_address": "",
            "name": "TerraformWinNIC",
            "private_ip_address": "10.0.110.4",
            "private_ip_addresses": [
              "10.0.110.4"
            ],
            "resource_group_name": "naidiyk-terraform-rg-hopeful-monkey",
            "tags": null,
            "timeouts": null,
            "virtual_machine_id": ""
          },
          "sensitive_attributes": [],
          "private": "eyJlMmJmYjczMC1lY2FhLTExZTYtOGY4OC0zNDM2M2JjN2M0YzAiOnsiY3JlYXRlIjoxODAwMDAwMDAwMDAwLCJkZWxldGUiOjE4MDAwMDAwMDAwMDAsInJlYWQiOjMwMDAwMDAwMDAwMCwidXBkYXRlIjoxODAwMDAwMDAwMDAwfX0=",
          "dependencies": [
            "azurerm_public_ip.win_terraform_public_ip",
            "azurerm_resource_group.naidiyk-terraform",
            "azurerm_subnet.naidiyk_terraform_subnet",
            "azurerm_virtual_network.naidiyk_terraform_network",
            "random_pet.rg_name"
          ]
        }
      ]
    },
    {
      "mode": "managed",
      "type": "azurerm_network_interface_security_group_association",
      "name": "example_1",
      "provider": "provider[\"registry.terraform.io/hashicorp/azurerm\"]",
      "instances": [
        {
          "schema_version": 0,
          "attributes": {
            "id": "/subscriptions/2612ef62-2429-4521-af81-5aa451f37633/resourceGroups/naidiyk-terraform-rg-hopeful-monkey/providers/Microsoft.Network/networkInterfaces/TerraformWinNIC|/subscriptions/2612ef62-2429-4521-af81-5aa451f37633/resourceGroups/naidiyk-terraform-rg-hopeful-monkey/providers/Microsoft.Network/networkSecurityGroups/terraformNetworkSecurityGroup",
            "network_interface_id": "/subscriptions/2612ef62-2429-4521-af81-5aa451f37633/resourceGroups/naidiyk-terraform-rg-hopeful-monkey/providers/Microsoft.Network/networkInterfaces/TerraformWinNIC",
            "network_security_group_id": "/subscriptions/2612ef62-2429-4521-af81-5aa451f37633/resourceGroups/naidiyk-terraform-rg-hopeful-monkey/providers/Microsoft.Network/networkSecurityGroups/terraformNetworkSecurityGroup",
            "timeouts": null
          },
          "sensitive_attributes": [],
          "private": "eyJlMmJmYjczMC1lY2FhLTExZTYtOGY4OC0zNDM2M2JjN2M0YzAiOnsiY3JlYXRlIjoxODAwMDAwMDAwMDAwLCJkZWxldGUiOjE4MDAwMDAwMDAwMDAsInJlYWQiOjMwMDAwMDAwMDAwMCwidXBkYXRlIjoxODAwMDAwMDAwMDAwfX0=",
          "dependencies": [
            "azurerm_network_interface.naidiyk_terraform_win_nic",
            "azurerm_network_security_group.naidiyk_terraform_nsg",
            "azurerm_public_ip.win_terraform_public_ip",
            "azurerm_resource_group.naidiyk-terraform",
            "azurerm_subnet.naidiyk_terraform_subnet",
            "azurerm_virtual_network.naidiyk_terraform_network",
            "random_pet.rg_name"
          ]
        }
      ]
    },
    {
      "mode": "managed",
      "type": "azurerm_network_interface_security_group_association",
      "name": "example_2",
      "provider": "provider[\"registry.terraform.io/hashicorp/azurerm\"]",
      "instances": [
        {
          "schema_version": 0,
          "attributes": {
            "id": "/subscriptions/2612ef62-2429-4521-af81-5aa451f37633/resourceGroups/naidiyk-terraform-rg-hopeful-monkey/providers/Microsoft.Network/networkInterfaces/TerraformUbuntuNIC|/subscriptions/2612ef62-2429-4521-af81-5aa451f37633/resourceGroups/naidiyk-terraform-rg-hopeful-monkey/providers/Microsoft.Network/networkSecurityGroups/terraformNetworkSecurityGroup",
            "network_interface_id": "/subscriptions/2612ef62-2429-4521-af81-5aa451f37633/resourceGroups/naidiyk-terraform-rg-hopeful-monkey/providers/Microsoft.Network/networkInterfaces/TerraformUbuntuNIC",
            "network_security_group_id": "/subscriptions/2612ef62-2429-4521-af81-5aa451f37633/resourceGroups/naidiyk-terraform-rg-hopeful-monkey/providers/Microsoft.Network/networkSecurityGroups/terraformNetworkSecurityGroup",
            "timeouts": null
          },
          "sensitive_attributes": [],
          "private": "eyJlMmJmYjczMC1lY2FhLTExZTYtOGY4OC0zNDM2M2JjN2M0YzAiOnsiY3JlYXRlIjoxODAwMDAwMDAwMDAwLCJkZWxldGUiOjE4MDAwMDAwMDAwMDAsInJlYWQiOjMwMDAwMDAwMDAwMCwidXBkYXRlIjoxODAwMDAwMDAwMDAwfX0=",
          "dependencies": [
            "azurerm_network_interface.naidiyk_terraform_ubuntu_nic",
            "azurerm_network_security_group.naidiyk_terraform_nsg",
            "azurerm_public_ip.ubuntu_terraform_public_ip",
            "azurerm_resource_group.naidiyk-terraform",
            "azurerm_subnet.naidiyk_terraform_subnet",
            "azurerm_virtual_network.naidiyk_terraform_network",
            "random_pet.rg_name"
          ]
        }
      ]
    },
    {
      "mode": "managed",
      "type": "azurerm_network_security_group",
      "name": "naidiyk_terraform_nsg",
      "provider": "provider[\"registry.terraform.io/hashicorp/azurerm\"]",
      "instances": [
        {
          "schema_version": 0,
          "attributes": {
            "id": "/subscriptions/2612ef62-2429-4521-af81-5aa451f37633/resourceGroups/naidiyk-terraform-rg-hopeful-monkey/providers/Microsoft.Network/networkSecurityGroups/terraformNetworkSecurityGroup",
            "location": "westeurope",
            "name": "terraformNetworkSecurityGroup",
            "resource_group_name": "naidiyk-terraform-rg-hopeful-monkey",
            "security_rule": [
              {
                "access": "Allow",
                "description": "",
                "destination_address_prefix": "*",
                "destination_address_prefixes": [],
                "destination_application_security_group_ids": [],
                "destination_port_range": "22",
                "destination_port_ranges": [],
                "direction": "Inbound",
                "name": "SSH",
                "priority": 100,
                "protocol": "Tcp",
                "source_address_prefix": "*",
                "source_address_prefixes": [],
                "source_application_security_group_ids": [],
                "source_port_range": "*",
                "source_port_ranges": []
              },
              {
                "access": "Allow",
                "description": "",
                "destination_address_prefix": "*",
                "destination_address_prefixes": [],
                "destination_application_security_group_ids": [],
                "destination_port_range": "3389",
                "destination_port_ranges": [],
                "direction": "Inbound",
                "name": "RDP",
                "priority": 101,
                "protocol": "Tcp",
                "source_address_prefix": "*",
                "source_address_prefixes": [],
                "source_application_security_group_ids": [],
                "source_port_range": "*",
                "source_port_ranges": []
              }
            ],
            "tags": null,
            "timeouts": null
          },
          "sensitive_attributes": [],
          "private": "eyJlMmJmYjczMC1lY2FhLTExZTYtOGY4OC0zNDM2M2JjN2M0YzAiOnsiY3JlYXRlIjoxODAwMDAwMDAwMDAwLCJkZWxldGUiOjE4MDAwMDAwMDAwMDAsInJlYWQiOjMwMDAwMDAwMDAwMCwidXBkYXRlIjoxODAwMDAwMDAwMDAwfX0=",
          "dependencies": [
            "azurerm_resource_group.naidiyk-terraform",
            "random_pet.rg_name"
          ]
        }
      ]
    },
    {
      "mode": "managed",
      "type": "azurerm_public_ip",
      "name": "ubuntu_terraform_public_ip",
      "provider": "provider[\"registry.terraform.io/hashicorp/azurerm\"]",
      "instances": [
        {
          "schema_version": 0,
          "attributes": {
            "allocation_method": "Dynamic",
            "availability_zone": "No-Zone",
            "domain_name_label": null,
            "fqdn": null,
            "id": "/subscriptions/2612ef62-2429-4521-af81-5aa451f37633/resourceGroups/naidiyk-terraform-rg-hopeful-monkey/providers/Microsoft.Network/publicIPAddresses/Ubuntu-terraform-PublicIP",
            "idle_timeout_in_minutes": 4,
            "ip_address": "",
            "ip_tags": null,
            "ip_version": "IPv4",
            "location": "westeurope",
            "name": "Ubuntu-terraform-PublicIP",
            "public_ip_prefix_id": null,
            "resource_group_name": "naidiyk-terraform-rg-hopeful-monkey",
            "reverse_fqdn": null,
            "sku": "Basic",
            "sku_tier": "Regional",
            "tags": null,
            "timeouts": null,
            "zones": []
          },
          "sensitive_attributes": [],
          "private": "eyJlMmJmYjczMC1lY2FhLTExZTYtOGY4OC0zNDM2M2JjN2M0YzAiOnsiY3JlYXRlIjoxODAwMDAwMDAwMDAwLCJkZWxldGUiOjE4MDAwMDAwMDAwMDAsInJlYWQiOjMwMDAwMDAwMDAwMCwidXBkYXRlIjoxODAwMDAwMDAwMDAwfX0=",
          "dependencies": [
            "azurerm_resource_group.naidiyk-terraform",
            "random_pet.rg_name"
          ]
        }
      ]
    },
    {
      "mode": "managed",
      "type": "azurerm_public_ip",
      "name": "win_terraform_public_ip",
      "provider": "provider[\"registry.terraform.io/hashicorp/azurerm\"]",
      "instances": [
        {
          "schema_version": 0,
          "attributes": {
            "allocation_method": "Dynamic",
            "availability_zone": "No-Zone",
            "domain_name_label": null,
            "fqdn": null,
            "id": "/subscriptions/2612ef62-2429-4521-af81-5aa451f37633/resourceGroups/naidiyk-terraform-rg-hopeful-monkey/providers/Microsoft.Network/publicIPAddresses/Win-terraform-PublicIP",
            "idle_timeout_in_minutes": 4,
            "ip_address": "",
            "ip_tags": null,
            "ip_version": "IPv4",
            "location": "westeurope",
            "name": "Win-terraform-PublicIP",
            "public_ip_prefix_id": null,
            "resource_group_name": "naidiyk-terraform-rg-hopeful-monkey",
            "reverse_fqdn": null,
            "sku": "Basic",
            "sku_tier": "Regional",
            "tags": null,
            "timeouts": null,
            "zones": []
          },
          "sensitive_attributes": [],
          "private": "eyJlMmJmYjczMC1lY2FhLTExZTYtOGY4OC0zNDM2M2JjN2M0YzAiOnsiY3JlYXRlIjoxODAwMDAwMDAwMDAwLCJkZWxldGUiOjE4MDAwMDAwMDAwMDAsInJlYWQiOjMwMDAwMDAwMDAwMCwidXBkYXRlIjoxODAwMDAwMDAwMDAwfX0=",
          "dependencies": [
            "azurerm_resource_group.naidiyk-terraform",
            "random_pet.rg_name"
          ]
        }
      ]
    },
    {
      "mode": "managed",
      "type": "azurerm_resource_group",
      "name": "naidiyk-terraform",
      "provider": "provider[\"registry.terraform.io/hashicorp/azurerm\"]",
      "instances": [
        {
          "schema_version": 0,
          "attributes": {
            "id": "/subscriptions/2612ef62-2429-4521-af81-5aa451f37633/resourceGroups/naidiyk-terraform-rg-hopeful-monkey",
            "location": "westeurope",
            "name": "naidiyk-terraform-rg-hopeful-monkey",
            "tags": null,
            "timeouts": null
          },
          "sensitive_attributes": [],
          "private": "eyJlMmJmYjczMC1lY2FhLTExZTYtOGY4OC0zNDM2M2JjN2M0YzAiOnsiY3JlYXRlIjo1NDAwMDAwMDAwMDAwLCJkZWxldGUiOjU0MDAwMDAwMDAwMDAsInJlYWQiOjMwMDAwMDAwMDAwMCwidXBkYXRlIjo1NDAwMDAwMDAwMDAwfX0=",
          "dependencies": [
            "random_pet.rg_name"
          ]
        }
      ]
    },
    {
      "mode": "managed",
      "type": "azurerm_storage_account",
      "name": "naidiyk_storage_account",
      "provider": "provider[\"registry.terraform.io/hashicorp/azurerm\"]",
      "instances": [
        {
          "schema_version": 2,
          "attributes": {
            "access_tier": "Hot",
            "account_kind": "StorageV2",
            "account_replication_type": "LRS",
            "account_tier": "Standard",
            "allow_blob_public_access": false,
            "azure_files_authentication": [],
            "blob_properties": [
              {
                "change_feed_enabled": false,
                "container_delete_retention_policy": [],
                "cors_rule": [],
                "default_service_version": "",
                "delete_retention_policy": [],
                "last_access_time_enabled": false,
                "versioning_enabled": false
              }
            ],
            "custom_domain": [],
            "customer_managed_key": [],
            "enable_https_traffic_only": true,
            "id": "/subscriptions/2612ef62-2429-4521-af81-5aa451f37633/resourceGroups/naidiyk-terraform-rg-hopeful-monkey/providers/Microsoft.Storage/storageAccounts/diag6837de528ee9090d",
            "identity": [],
            "infrastructure_encryption_enabled": false,
            "is_hns_enabled": false,
            "large_file_share_enabled": null,
            "location": "westeurope",
            "min_tls_version": "TLS1_0",
            "name": "diag6837de528ee9090d",
            "network_rules": [
              {
                "bypass": [
                  "AzureServices"
                ],
                "default_action": "Allow",
                "ip_rules": [],
                "private_link_access": [],
                "virtual_network_subnet_ids": []
              }
            ],
            "nfsv3_enabled": false,
            "primary_access_key": "umK7fIlG7YoFINOS6P+Bz7lndqfWIF+JcjaArt+5v+fpkDfzRkARrz6yDO3j+si2nYDpk69pLI6l+AStHKHXXA==",
            "primary_blob_connection_string": "DefaultEndpointsProtocol=https;BlobEndpoint=https://diag6837de528ee9090d.blob.core.windows.net/;AccountName=diag6837de528ee9090d;AccountKey=umK7fIlG7YoFINOS6P+Bz7lndqfWIF+JcjaArt+5v+fpkDfzRkARrz6yDO3j+si2nYDpk69pLI6l+AStHKHXXA==",
            "primary_blob_endpoint": "https://diag6837de528ee9090d.blob.core.windows.net/",
            "primary_blob_host": "diag6837de528ee9090d.blob.core.windows.net",
            "primary_connection_string": "DefaultEndpointsProtocol=https;AccountName=diag6837de528ee9090d;AccountKey=umK7fIlG7YoFINOS6P+Bz7lndqfWIF+JcjaArt+5v+fpkDfzRkARrz6yDO3j+si2nYDpk69pLI6l+AStHKHXXA==;EndpointSuffix=core.windows.net",
            "primary_dfs_endpoint": "https://diag6837de528ee9090d.dfs.core.windows.net/",
            "primary_dfs_host": "diag6837de528ee9090d.dfs.core.windows.net",
            "primary_file_endpoint": "https://diag6837de528ee9090d.file.core.windows.net/",
            "primary_file_host": "diag6837de528ee9090d.file.core.windows.net",
            "primary_location": "westeurope",
            "primary_queue_endpoint": "https://diag6837de528ee9090d.queue.core.windows.net/",
            "primary_queue_host": "diag6837de528ee9090d.queue.core.windows.net",
            "primary_table_endpoint": "https://diag6837de528ee9090d.table.core.windows.net/",
            "primary_table_host": "diag6837de528ee9090d.table.core.windows.net",
            "primary_web_endpoint": "https://diag6837de528ee9090d.z6.web.core.windows.net/",
            "primary_web_host": "diag6837de528ee9090d.z6.web.core.windows.net",
            "queue_encryption_key_type": "Service",
            "queue_properties": [
              {
                "cors_rule": [],
                "hour_metrics": [
                  {
                    "enabled": true,
                    "include_apis": true,
                    "retention_policy_days": 7,
                    "version": "1.0"
                  }
                ],
                "logging": [
                  {
                    "delete": false,
                    "read": false,
                    "retention_policy_days": 0,
                    "version": "1.0",
                    "write": false
                  }
                ],
                "minute_metrics": [
                  {
                    "enabled": false,
                    "include_apis": false,
                    "retention_policy_days": 0,
                    "version": "1.0"
                  }
                ]
              }
            ],
            "resource_group_name": "naidiyk-terraform-rg-hopeful-monkey",
            "routing": [],
            "secondary_access_key": "NaZXYywqF0zymCURukjJ9XdCOvckNvYzEUPhiBiFjV/VS67oB/n3C1PjwFqUHQE+62yaC2XOqLE1+AStLW5JGw==",
            "secondary_blob_connection_string": "",
            "secondary_blob_endpoint": null,
            "secondary_blob_host": null,
            "secondary_connection_string": "DefaultEndpointsProtocol=https;AccountName=diag6837de528ee9090d;AccountKey=NaZXYywqF0zymCURukjJ9XdCOvckNvYzEUPhiBiFjV/VS67oB/n3C1PjwFqUHQE+62yaC2XOqLE1+AStLW5JGw==;EndpointSuffix=core.windows.net",
            "secondary_dfs_endpoint": null,
            "secondary_dfs_host": null,
            "secondary_file_endpoint": null,
            "secondary_file_host": null,
            "secondary_location": "",
            "secondary_queue_endpoint": null,
            "secondary_queue_host": null,
            "secondary_table_endpoint": null,
            "secondary_table_host": null,
            "secondary_web_endpoint": null,
            "secondary_web_host": null,
            "share_properties": [
              {
                "cors_rule": [],
                "retention_policy": [
                  {
                    "days": 7
                  }
                ],
                "smb": []
              }
            ],
            "shared_access_key_enabled": true,
            "static_website": [],
            "table_encryption_key_type": "Service",
            "tags": null,
            "timeouts": null
          },
          "sensitive_attributes": [],
          "private": "eyJlMmJmYjczMC1lY2FhLTExZTYtOGY4OC0zNDM2M2JjN2M0YzAiOnsiY3JlYXRlIjozNjAwMDAwMDAwMDAwLCJkZWxldGUiOjM2MDAwMDAwMDAwMDAsInJlYWQiOjMwMDAwMDAwMDAwMCwidXBkYXRlIjozNjAwMDAwMDAwMDAwfSwic2NoZW1hX3ZlcnNpb24iOiIyIn0=",
          "dependencies": [
            "azurerm_resource_group.naidiyk-terraform",
            "random_id.random_id",
            "random_pet.rg_name"
          ]
        }
      ]
    },
    {
      "mode": "managed",
      "type": "azurerm_subnet",
      "name": "naidiyk_terraform_subnet",
      "provider": "provider[\"registry.terraform.io/hashicorp/azurerm\"]",
      "instances": [
        {
          "schema_version": 0,
          "attributes": {
            "address_prefix": "10.0.110.0/24",
            "address_prefixes": [
              "10.0.110.0/24"
            ],
            "delegation": [],
            "enforce_private_link_endpoint_network_policies": false,
            "enforce_private_link_service_network_policies": false,
            "id": "/subscriptions/2612ef62-2429-4521-af81-5aa451f37633/resourceGroups/naidiyk-terraform-rg-hopeful-monkey/providers/Microsoft.Network/virtualNetworks/terraformVnet/subnets/terraformSubnet",
            "name": "terraformSubnet",
            "resource_group_name": "naidiyk-terraform-rg-hopeful-monkey",
            "service_endpoint_policy_ids": null,
            "service_endpoints": null,
            "timeouts": null,
            "virtual_network_name": "terraformVnet"
          },
          "sensitive_attributes": [],
          "private": "eyJlMmJmYjczMC1lY2FhLTExZTYtOGY4OC0zNDM2M2JjN2M0YzAiOnsiY3JlYXRlIjoxODAwMDAwMDAwMDAwLCJkZWxldGUiOjE4MDAwMDAwMDAwMDAsInJlYWQiOjMwMDAwMDAwMDAwMCwidXBkYXRlIjoxODAwMDAwMDAwMDAwfX0=",
          "dependencies": [
            "azurerm_resource_group.naidiyk-terraform",
            "azurerm_virtual_network.naidiyk_terraform_network",
            "random_pet.rg_name"
          ]
        }
      ]
    },
    {
      "mode": "managed",
      "type": "azurerm_virtual_network",
      "name": "naidiyk_terraform_network",
      "provider": "provider[\"registry.terraform.io/hashicorp/azurerm\"]",
      "instances": [
        {
          "schema_version": 0,
          "attributes": {
            "address_space": [
              "10.0.0.0/16"
            ],
            "bgp_community": "",
            "ddos_protection_plan": [],
            "dns_servers": [],
            "flow_timeout_in_minutes": 0,
            "guid": "4942e73d-50e2-4115-9a75-2359eb79a824",
            "id": "/subscriptions/2612ef62-2429-4521-af81-5aa451f37633/resourceGroups/naidiyk-terraform-rg-hopeful-monkey/providers/Microsoft.Network/virtualNetworks/terraformVnet",
            "location": "westeurope",
            "name": "terraformVnet",
            "resource_group_name": "naidiyk-terraform-rg-hopeful-monkey",
            "subnet": [],
            "tags": null,
            "timeouts": null,
            "vm_protection_enabled": false
          },
          "sensitive_attributes": [],
          "private": "eyJlMmJmYjczMC1lY2FhLTExZTYtOGY4OC0zNDM2M2JjN2M0YzAiOnsiY3JlYXRlIjoxODAwMDAwMDAwMDAwLCJkZWxldGUiOjE4MDAwMDAwMDAwMDAsInJlYWQiOjMwMDAwMDAwMDAwMCwidXBkYXRlIjoxODAwMDAwMDAwMDAwfX0=",
          "dependencies": [
            "azurerm_resource_group.naidiyk-terraform",
            "random_pet.rg_name"
          ]
        }
      ]
    },
    {
      "mode": "managed",
      "type": "azurerm_windows_virtual_machine",
      "name": "naidiyk_terraform_windows",
      "provider": "provider[\"registry.terraform.io/hashicorp/azurerm\"]",
      "instances": [
        {
          "schema_version": 0,
          "attributes": {
            "additional_capabilities": [],
            "additional_unattend_content": [],
            "admin_password": "$ecur!ty2022",
            "admin_username": "winadmin",
            "allow_extension_operations": true,
            "availability_set_id": "",
            "boot_diagnostics": [
              {
                "storage_account_uri": "https://diag6837de528ee9090d.blob.core.windows.net/"
              }
            ],
            "computer_name": "WinSrvDC2016",
            "custom_data": null,
            "dedicated_host_group_id": "",
            "dedicated_host_id": "",
            "enable_automatic_updates": true,
            "encryption_at_host_enabled": false,
            "eviction_policy": "",
            "extensions_time_budget": "PT1H30M",
            "hotpatching_enabled": false,
            "id": "/subscriptions/2612ef62-2429-4521-af81-5aa451f37633/resourceGroups/naidiyk-terraform-rg-hopeful-monkey/providers/Microsoft.Compute/virtualMachines/TerraformWin",
            "identity": [],
            "license_type": "",
            "location": "westeurope",
            "max_bid_price": -1,
            "name": "TerraformWin",
            "network_interface_ids": [
              "/subscriptions/2612ef62-2429-4521-af81-5aa451f37633/resourceGroups/naidiyk-terraform-rg-hopeful-monkey/providers/Microsoft.Network/networkInterfaces/TerraformWinNIC"
            ],
            "os_disk": [
              {
                "caching": "ReadWrite",
                "diff_disk_settings": [],
                "disk_encryption_set_id": "",
                "disk_size_gb": 127,
                "name": "WinOsDisk",
                "storage_account_type": "Standard_LRS",
                "write_accelerator_enabled": false
              }
            ],
            "patch_mode": "AutomaticByOS",
            "plan": [],
            "platform_fault_domain": -1,
            "priority": "Regular",
            "private_ip_address": "10.0.110.4",
            "private_ip_addresses": [
              "10.0.110.4"
            ],
            "provision_vm_agent": true,
            "proximity_placement_group_id": "",
            "public_ip_address": "20.224.239.8",
            "public_ip_addresses": [
              "20.224.239.8"
            ],
            "resource_group_name": "naidiyk-terraform-rg-hopeful-monkey",
            "secret": [],
            "secure_boot_enabled": false,
            "size": "Standard_DS1_v2",
            "source_image_id": "",
            "source_image_reference": [
              {
                "offer": "WindowsServer",
                "publisher": "MicrosoftWindowsServer",
                "sku": "2016-Datacenter",
                "version": "latest"
              }
            ],
            "tags": null,
            "timeouts": null,
            "timezone": "",
            "user_data": "",
            "virtual_machine_id": "c38fb635-f8af-49b1-8ffd-c5a8d48d54f2",
            "virtual_machine_scale_set_id": "",
            "vtpm_enabled": false,
            "winrm_listener": [],
            "zone": ""
          },
          "sensitive_attributes": [],
          "private": "eyJlMmJmYjczMC1lY2FhLTExZTYtOGY4OC0zNDM2M2JjN2M0YzAiOnsiY3JlYXRlIjoyNzAwMDAwMDAwMDAwLCJkZWxldGUiOjI3MDAwMDAwMDAwMDAsInJlYWQiOjMwMDAwMDAwMDAwMCwidXBkYXRlIjoyNzAwMDAwMDAwMDAwfX0=",
          "dependencies": [
            "azurerm_network_interface.naidiyk_terraform_win_nic",
            "azurerm_public_ip.win_terraform_public_ip",
            "azurerm_resource_group.naidiyk-terraform",
            "azurerm_storage_account.naidiyk_storage_account",
            "azurerm_subnet.naidiyk_terraform_subnet",
            "azurerm_virtual_network.naidiyk_terraform_network",
            "random_id.random_id",
            "random_pet.rg_name"
          ]
        }
      ]
    },
    {
      "mode": "managed",
      "type": "random_id",
      "name": "random_id",
      "provider": "provider[\"registry.terraform.io/hashicorp/random\"]",
      "instances": [
        {
          "schema_version": 0,
          "attributes": {
            "b64_std": "aDfeUo7pCQ0=",
            "b64_url": "aDfeUo7pCQ0",
            "byte_length": 8,
            "dec": "7509715349829912845",
            "hex": "6837de528ee9090d",
            "id": "aDfeUo7pCQ0",
            "keepers": {
              "resource_group": "naidiyk-terraform-rg-hopeful-monkey"
            },
            "prefix": null
          },
          "sensitive_attributes": [],
          "dependencies": [
            "azurerm_resource_group.naidiyk-terraform",
            "random_pet.rg_name"
          ]
        }
      ]
    },
    {
      "mode": "managed",
      "type": "random_pet",
      "name": "rg_name",
      "provider": "provider[\"registry.terraform.io/hashicorp/random\"]",
      "instances": [
        {
          "schema_version": 0,
          "attributes": {
            "id": "naidiyk-terraform-rg-hopeful-monkey",
            "keepers": null,
            "length": 2,
            "prefix": "naidiyk-terraform-rg",
            "separator": "-"
          },
          "sensitive_attributes": []
        }
      ]
    },
    {
      "mode": "managed",
      "type": "tls_private_key",
      "name": "example_ssh",
      "provider": "provider[\"registry.terraform.io/hashicorp/tls\"]",
      "instances": [
        {
          "schema_version": 1,
          "attributes": {
            "algorithm": "RSA",
            "ecdsa_curve": "P224",
            "id": "9855a0ca20264328d209ef074b1c5e63028f3cde",
            "private_key_openssh": "-----BEGIN OPENSSH PRIVATE KEY-----\nb3BlbnNzaC1rZXktdjEAAAAABG5vbmUAAAAEbm9uZQAAAAAAAAABAAACFwAAAAdz\nc2gtcnNhAAAAAwEAAQAAAgEAxWOeF2f2aW5ytUQD5hXrKcvTK4ftTBMXnOxljYND\nhiDvexEsw05JtstqmREdbohpoFw8Evb3Q44iwT2+LuS1h3JnR7kiOGCOMlKfi6+P\nKPeaR2RUKwv0iCj1OAPS0/QPhH/wcayzpX9W/up5bld0O80a55fP8SxQ4aQBDasF\nIg4uHPcyqxcjDuQrXSdjVV0yuOWubZYeMPoAzL7gb1E3IZADQDBCqSdyn4yIOYBL\ndokMBcl5IQU0waYTy4QkC6hXVU3INgBn8D5/cEIVLl8cA3iLD6Luye1XrqBWJdN3\nJCwfBc+oojVJHQAY0n6tAx/DcpgOdAqWSIE2GBxh4V0wqHUL5GiW8kpHSm3h2Aq9\nRaDNQIZf/JwiziNEP90MmAWLBiwuAIT0FE9JE+yPCKsfWNA24QtoGOeTFQrSFrn5\nwnNOXodZOFc5QPfxQ2YkQ9Y+/lryo3qg3+xQuBUxQPYhIIKEE/TGSVWV0IN2w7fX\nEwoUhSxBKZmcFZ3H0ZUbvQ9dcENXDCYjfhgmjY1+DMZ3z65meYrToP/ayzDal8L4\nvHiKVzw7xaz8pgR8FBF/D9vFLL1eFa90eH8G2rxUqMAXF/nvXF1PrdYQN5Vncq9B\nf9kkI1BdsXSgy3e4M27h0P31WBF+l7admJnbNiDAuFnwYo8ibe3Lt3TyKFwcZ26Q\nLXsAAAc4R8mcE0fJnBMAAAAHc3NoLXJzYQAAAgEAxWOeF2f2aW5ytUQD5hXrKcvT\nK4ftTBMXnOxljYNDhiDvexEsw05JtstqmREdbohpoFw8Evb3Q44iwT2+LuS1h3Jn\nR7kiOGCOMlKfi6+PKPeaR2RUKwv0iCj1OAPS0/QPhH/wcayzpX9W/up5bld0O80a\n55fP8SxQ4aQBDasFIg4uHPcyqxcjDuQrXSdjVV0yuOWubZYeMPoAzL7gb1E3IZAD\nQDBCqSdyn4yIOYBLdokMBcl5IQU0waYTy4QkC6hXVU3INgBn8D5/cEIVLl8cA3iL\nD6Luye1XrqBWJdN3JCwfBc+oojVJHQAY0n6tAx/DcpgOdAqWSIE2GBxh4V0wqHUL\n5GiW8kpHSm3h2Aq9RaDNQIZf/JwiziNEP90MmAWLBiwuAIT0FE9JE+yPCKsfWNA2\n4QtoGOeTFQrSFrn5wnNOXodZOFc5QPfxQ2YkQ9Y+/lryo3qg3+xQuBUxQPYhIIKE\nE/TGSVWV0IN2w7fXEwoUhSxBKZmcFZ3H0ZUbvQ9dcENXDCYjfhgmjY1+DMZ3z65m\neYrToP/ayzDal8L4vHiKVzw7xaz8pgR8FBF/D9vFLL1eFa90eH8G2rxUqMAXF/nv\nXF1PrdYQN5Vncq9Bf9kkI1BdsXSgy3e4M27h0P31WBF+l7admJnbNiDAuFnwYo8i\nbe3Lt3TyKFwcZ26QLXsAAAADAQABAAACAQCHAp4tcESQ1KTM6xqnk7JnwixMCAr9\nD8oE4YSMiI30/i4PRS4S4Ed3KiddTuGMqu1ka/IDHrz9jgijmDGvLWwkmtGdszl+\nyjw4m17ZUllfMgxqbGtNjj3RrAIeMC9SHgtHG6NAfVnbBwBgF8y69kJgbOfMJIBs\ne11PGLhHuwQlyQEter9DWu31z4cBjmFZEAgTg7YM6rL32OgXIy+rtCc7Y591lgzi\nWkMCckLy4Ze8Gf0JMEcTmNX+5jN/7oAhISGrDSq2FQ0CvBy6kdifARrOHPMw3Mbr\ngtWIcc66zKsfKLaHaQP0/vFlTp2rzE1WZ7FtfifUozErooV3dGJWnUEbpH7QzI2Z\nhDh5Mk+A1BRmQ8ATAU3r7Py0hD6zMJrcrO/o1A1Kw+K/cFX6m33bO+rQHfXw2vuj\nPGlLXYWD9VzSYnojnvqA5SBCx8lCWcoyfG6z80fCzxG/TluVv3Z7T3smG/PQ+SxS\nqt+JkI4brVOG8v2pXFghTT5/bTS8vsOkuPi2hPGr21/JbXwROHux17u4rU7IbyJ7\nbkjY6RH3vRpcRMAE72vimF0LOVmoxLoiPZrRfe5mAOlPaiXtWNooE2AfD1MXRBtH\nUlujKFpEkCeSquzl6Vk7fNfR6Syc+5NjkCQk/aVLpBVDpvmytriol2mpGUIEZZNn\nvq1FCPcGcWp38QAAAQEAxzh4eBvOAUqh8cRe+yuHywkm7Pqm87q2vIIONQbzJ1BJ\n79ZBfisBJZIjBvgYzrZwB9ZeQicol9JBbVTFXgNEj+kWqTDJtMuH87aFVVY+7pgH\nc2Giom2v2akIwzlYNIKp82g0kgkmKv/hCCYzs06tZ3/JFOX+T7vBB7KxPSZO04/R\nJStoyPjDA80Qqt/sPIgjaGBwdiBUW3f+bsFMNXXs7QSKMMM/T8yGto28bPc1rGSP\nhcdEhfB1S1yDoQOnGEsTciBQzF+bZoaLwG6cehyeEB9xlh3zx7YDoknFQpcemoQK\nmfG+9jswWA5ALpQPQiNUBJ6aJIrtIVH60Lib3KgQCwAAAQEA32F081iU+rVSVtT8\nkYA5fbNJWlxaMe7n7LaYuWmWPfY6JMvkdo7ZXcVOm0UAwrJivhzbiz90y0USuOGV\nglbMJkb39HOx6Z4guYiOtffS68r72gYmXW1nBPdoOdt8UFts7uqiPyjgUhGoX2WP\nKl0BkRs9FBos/HTTZ9WThHkR0SnDZHqiyUpRndJvT96fn0kUDzH3lhhFnFQHCGuO\njZsM4jE+cgIhVZYo2FyJqwv8o3cGo7jipTAjiQqfmjrQL5TzGg3xBhATdvaPyXZU\nBVo4FijwO+wi5BqMQ/2gj/HhnA3jUbq34/xXqWQ3J9+3l6PdjdkcbGG8kJH/mVAW\ncd9grwAAAQEA4jaHj9fRYbJmOjP1pMWbL0Z49ogH0zlQ7EIQ0alCROBpXcczVr6q\n/IpMefXHS5c19exi27nEWrvpio2SI78bcvVL3Oj5qo7qmyerIilVLgTCA/JQO4Xs\n1fiUMx9t93WaCs+Fk/VcLhiYB5sIVII7vgEmOm61CUBznMEVKnVNy+rIiVUXW8yv\nWsi4gJiGkfUVgbd8CjYYDVLNDl0lA8hhwHhzrXLXy7wiDqk1aEWZSs2CNr/BecWX\nlpHz492Z8M4+9yVsE48UhRKcYt0AIWM5/s/WSV3H3jWAOLSt2TCcbXQQq9ULqeq7\nh5eea4whZBy0UiW6xcCqQLGCCJMM1G869QAAAAAB\n-----END OPENSSH PRIVATE KEY-----\n",
            "private_key_pem": "-----BEGIN RSA PRIVATE KEY-----\nMIIJKgIBAAKCAgEAxWOeF2f2aW5ytUQD5hXrKcvTK4ftTBMXnOxljYNDhiDvexEs\nw05JtstqmREdbohpoFw8Evb3Q44iwT2+LuS1h3JnR7kiOGCOMlKfi6+PKPeaR2RU\nKwv0iCj1OAPS0/QPhH/wcayzpX9W/up5bld0O80a55fP8SxQ4aQBDasFIg4uHPcy\nqxcjDuQrXSdjVV0yuOWubZYeMPoAzL7gb1E3IZADQDBCqSdyn4yIOYBLdokMBcl5\nIQU0waYTy4QkC6hXVU3INgBn8D5/cEIVLl8cA3iLD6Luye1XrqBWJdN3JCwfBc+o\nojVJHQAY0n6tAx/DcpgOdAqWSIE2GBxh4V0wqHUL5GiW8kpHSm3h2Aq9RaDNQIZf\n/JwiziNEP90MmAWLBiwuAIT0FE9JE+yPCKsfWNA24QtoGOeTFQrSFrn5wnNOXodZ\nOFc5QPfxQ2YkQ9Y+/lryo3qg3+xQuBUxQPYhIIKEE/TGSVWV0IN2w7fXEwoUhSxB\nKZmcFZ3H0ZUbvQ9dcENXDCYjfhgmjY1+DMZ3z65meYrToP/ayzDal8L4vHiKVzw7\nxaz8pgR8FBF/D9vFLL1eFa90eH8G2rxUqMAXF/nvXF1PrdYQN5Vncq9Bf9kkI1Bd\nsXSgy3e4M27h0P31WBF+l7admJnbNiDAuFnwYo8ibe3Lt3TyKFwcZ26QLXsCAwEA\nAQKCAgEAhwKeLXBEkNSkzOsap5OyZ8IsTAgK/Q/KBOGEjIiN9P4uD0UuEuBHdyon\nXU7hjKrtZGvyAx68/Y4Io5gxry1sJJrRnbM5fso8OJte2VJZXzIMamxrTY490awC\nHjAvUh4LRxujQH1Z2wcAYBfMuvZCYGznzCSAbHtdTxi4R7sEJckBLXq/Q1rt9c+H\nAY5hWRAIE4O2DOqy99joFyMvq7QnO2OfdZYM4lpDAnJC8uGXvBn9CTBHE5jV/uYz\nf+6AISEhqw0qthUNArwcupHYnwEazhzzMNzG64LViHHOusyrHyi2h2kD9P7xZU6d\nq8xNVmexbX4n1KMxK6KFd3RiVp1BG6R+0MyNmYQ4eTJPgNQUZkPAEwFN6+z8tIQ+\nszCa3Kzv6NQNSsPiv3BV+pt92zvq0B318Nr7ozxpS12Fg/Vc0mJ6I576gOUgQsfJ\nQlnKMnxus/NHws8Rv05blb92e097Jhvz0PksUqrfiZCOG61ThvL9qVxYIU0+f200\nvL7DpLj4toTxq9tfyW18ETh7sde7uK1OyG8ie25I2OkR970aXETABO9r4phdCzlZ\nqMS6Ij2a0X3uZgDpT2ol7VjaKBNgHw9TF0QbR1JboyhaRJAnkqrs5elZO3zX0eks\nnPuTY5AkJP2lS6QVQ6b5sra4qJdpqRlCBGWTZ76tRQj3BnFqd/ECggEBAN9hdPNY\nlPq1UlbU/JGAOX2zSVpcWjHu5+y2mLlplj32OiTL5HaO2V3FTptFAMKyYr4c24s/\ndMtFErjhlYJWzCZG9/RzsemeILmIjrX30uvK+9oGJl1tZwT3aDnbfFBbbO7qoj8o\n4FIRqF9ljypdAZEbPRQaLPx002fVk4R5EdEpw2R6oslKUZ3Sb0/en59JFA8x95YY\nRZxUBwhrjo2bDOIxPnICIVWWKNhciasL/KN3BqO44qUwI4kKn5o60C+U8xoN8QYQ\nE3b2j8l2VAVaOBYo8DvsIuQajEP9oI/x4ZwN41G6t+P8V6lkNyfft5ej3Y3ZHGxh\nvJCR/5lQFnHfYK8CggEBAOI2h4/X0WGyZjoz9aTFmy9GePaIB9M5UOxCENGpQkTg\naV3HM1a+qvyKTHn1x0uXNfXsYtu5xFq76YqNkiO/G3L1S9zo+aqO6psnqyIpVS4E\nwgPyUDuF7NX4lDMfbfd1mgrPhZP1XC4YmAebCFSCO74BJjputQlAc5zBFSp1Tcvq\nyIlVF1vMr1rIuICYhpH1FYG3fAo2GA1SzQ5dJQPIYcB4c61y18u8Ig6pNWhFmUrN\ngja/wXnFl5aR8+PdmfDOPvclbBOPFIUSnGLdACFjOf7P1kldx941gDi0rdkwnG10\nEKvVC6nqu4eXnmuMIWQctFIlusXAqkCxggiTDNRvOvUCggEAd9d5PvTPOJH+0scB\nma4JKf7945SYbyGVG9H6rb6P9D4dg5A/ybtpsn0gZvzmI45Am24v+szYhBVSrg2Y\ngIzAieiZLnTDhmpndCJnLgj/B7Gm3JlgC8+d7XQuXpv6XcIu9x66XNg5QM5oXoXG\nARxUstzCL/67E9Y5dQOIWRH7FRQq18VTgFp23wz+2wK88F/sexp7kfMDpZMPEt1h\nZWdByjhRICk0aQ5ea3V6BmIv8CLzVPLj5WumJOemKMBU4LIwmlHQdUg6qSAulA7/\nlL+KR5k/CWbucSItDm0Lry49s9NfmYFrFs1S2nYBgUrs3FX1jxxju2HUIFuznTTy\nVbVZ0QKCAQEArpi14vEJe6VtP6kRBJ88Wq3C+U0e9Qm9Cs0nHBvOuUiYKrhwSJib\ncpXv1wY7T32jOW+9Eah9BCcbZ0RDsnFzZzQq3JO498qdCyn/7TsHsqAbe15QTNDe\nbnwRLrAoeSH8xjFMAVoUTsPOu7gOIuPt5oYOknUWJ9DmKuvgQUgOxsAtDcpuX/1I\nrwJTXXXcD9WhRuBuzZbY05fAC0EbK6NCx4JwjkQgiPBpPPWe8h8d5N1fjpBMbYdz\nq9R08L/+bB1T/f+VPjdl+BvYNnoq+poSjjiuRSwr8rdKgvn5YLQjWFuH7oheG0TA\nfzQoIwwiTZnWF71lPfKptYsMOT/+XAyJ7QKCAQEAxzh4eBvOAUqh8cRe+yuHywkm\n7Pqm87q2vIIONQbzJ1BJ79ZBfisBJZIjBvgYzrZwB9ZeQicol9JBbVTFXgNEj+kW\nqTDJtMuH87aFVVY+7pgHc2Giom2v2akIwzlYNIKp82g0kgkmKv/hCCYzs06tZ3/J\nFOX+T7vBB7KxPSZO04/RJStoyPjDA80Qqt/sPIgjaGBwdiBUW3f+bsFMNXXs7QSK\nMMM/T8yGto28bPc1rGSPhcdEhfB1S1yDoQOnGEsTciBQzF+bZoaLwG6cehyeEB9x\nlh3zx7YDoknFQpcemoQKmfG+9jswWA5ALpQPQiNUBJ6aJIrtIVH60Lib3KgQCw==\n-----END RSA PRIVATE KEY-----\n",
            "private_key_pem_pkcs8": "-----BEGIN PRIVATE KEY-----\nMIIJRAIBADANBgkqhkiG9w0BAQEFAASCCS4wggkqAgEAAoICAQDFY54XZ/ZpbnK1\nRAPmFespy9Mrh+1MExec7GWNg0OGIO97ESzDTkm2y2qZER1uiGmgXDwS9vdDjiLB\nPb4u5LWHcmdHuSI4YI4yUp+Lr48o95pHZFQrC/SIKPU4A9LT9A+Ef/BxrLOlf1b+\n6nluV3Q7zRrnl8/xLFDhpAENqwUiDi4c9zKrFyMO5CtdJ2NVXTK45a5tlh4w+gDM\nvuBvUTchkANAMEKpJ3KfjIg5gEt2iQwFyXkhBTTBphPLhCQLqFdVTcg2AGfwPn9w\nQhUuXxwDeIsPou7J7VeuoFYl03ckLB8Fz6iiNUkdABjSfq0DH8NymA50CpZIgTYY\nHGHhXTCodQvkaJbySkdKbeHYCr1FoM1Ahl/8nCLOI0Q/3QyYBYsGLC4AhPQUT0kT\n7I8Iqx9Y0DbhC2gY55MVCtIWufnCc05eh1k4VzlA9/FDZiRD1j7+WvKjeqDf7FC4\nFTFA9iEggoQT9MZJVZXQg3bDt9cTChSFLEEpmZwVncfRlRu9D11wQ1cMJiN+GCaN\njX4MxnfPrmZ5itOg/9rLMNqXwvi8eIpXPDvFrPymBHwUEX8P28UsvV4Vr3R4fwba\nvFSowBcX+e9cXU+t1hA3lWdyr0F/2SQjUF2xdKDLd7gzbuHQ/fVYEX6Xtp2Ymds2\nIMC4WfBijyJt7cu3dPIoXBxnbpAtewIDAQABAoICAQCHAp4tcESQ1KTM6xqnk7Jn\nwixMCAr9D8oE4YSMiI30/i4PRS4S4Ed3KiddTuGMqu1ka/IDHrz9jgijmDGvLWwk\nmtGdszl+yjw4m17ZUllfMgxqbGtNjj3RrAIeMC9SHgtHG6NAfVnbBwBgF8y69kJg\nbOfMJIBse11PGLhHuwQlyQEter9DWu31z4cBjmFZEAgTg7YM6rL32OgXIy+rtCc7\nY591lgziWkMCckLy4Ze8Gf0JMEcTmNX+5jN/7oAhISGrDSq2FQ0CvBy6kdifARrO\nHPMw3MbrgtWIcc66zKsfKLaHaQP0/vFlTp2rzE1WZ7FtfifUozErooV3dGJWnUEb\npH7QzI2ZhDh5Mk+A1BRmQ8ATAU3r7Py0hD6zMJrcrO/o1A1Kw+K/cFX6m33bO+rQ\nHfXw2vujPGlLXYWD9VzSYnojnvqA5SBCx8lCWcoyfG6z80fCzxG/TluVv3Z7T3sm\nG/PQ+SxSqt+JkI4brVOG8v2pXFghTT5/bTS8vsOkuPi2hPGr21/JbXwROHux17u4\nrU7IbyJ7bkjY6RH3vRpcRMAE72vimF0LOVmoxLoiPZrRfe5mAOlPaiXtWNooE2Af\nD1MXRBtHUlujKFpEkCeSquzl6Vk7fNfR6Syc+5NjkCQk/aVLpBVDpvmytriol2mp\nGUIEZZNnvq1FCPcGcWp38QKCAQEA32F081iU+rVSVtT8kYA5fbNJWlxaMe7n7LaY\nuWmWPfY6JMvkdo7ZXcVOm0UAwrJivhzbiz90y0USuOGVglbMJkb39HOx6Z4guYiO\ntffS68r72gYmXW1nBPdoOdt8UFts7uqiPyjgUhGoX2WPKl0BkRs9FBos/HTTZ9WT\nhHkR0SnDZHqiyUpRndJvT96fn0kUDzH3lhhFnFQHCGuOjZsM4jE+cgIhVZYo2FyJ\nqwv8o3cGo7jipTAjiQqfmjrQL5TzGg3xBhATdvaPyXZUBVo4FijwO+wi5BqMQ/2g\nj/HhnA3jUbq34/xXqWQ3J9+3l6PdjdkcbGG8kJH/mVAWcd9grwKCAQEA4jaHj9fR\nYbJmOjP1pMWbL0Z49ogH0zlQ7EIQ0alCROBpXcczVr6q/IpMefXHS5c19exi27nE\nWrvpio2SI78bcvVL3Oj5qo7qmyerIilVLgTCA/JQO4Xs1fiUMx9t93WaCs+Fk/Vc\nLhiYB5sIVII7vgEmOm61CUBznMEVKnVNy+rIiVUXW8yvWsi4gJiGkfUVgbd8CjYY\nDVLNDl0lA8hhwHhzrXLXy7wiDqk1aEWZSs2CNr/BecWXlpHz492Z8M4+9yVsE48U\nhRKcYt0AIWM5/s/WSV3H3jWAOLSt2TCcbXQQq9ULqeq7h5eea4whZBy0UiW6xcCq\nQLGCCJMM1G869QKCAQB313k+9M84kf7SxwGZrgkp/v3jlJhvIZUb0fqtvo/0Ph2D\nkD/Ju2myfSBm/OYjjkCbbi/6zNiEFVKuDZiAjMCJ6JkudMOGamd0ImcuCP8Hsabc\nmWALz53tdC5em/pdwi73Hrpc2DlAzmhehcYBHFSy3MIv/rsT1jl1A4hZEfsVFCrX\nxVOAWnbfDP7bArzwX+x7GnuR8wOlkw8S3WFlZ0HKOFEgKTRpDl5rdXoGYi/wIvNU\n8uPla6Yk56YowFTgsjCaUdB1SDqpIC6UDv+Uv4pHmT8JZu5xIi0ObQuvLj2z01+Z\ngWsWzVLadgGBSuzcVfWPHGO7YdQgW7OdNPJVtVnRAoIBAQCumLXi8Ql7pW0/qREE\nnzxarcL5TR71Cb0KzSccG865SJgquHBImJtyle/XBjtPfaM5b70RqH0EJxtnREOy\ncXNnNCrck7j3yp0LKf/tOweyoBt7XlBM0N5ufBEusCh5IfzGMUwBWhROw867uA4i\n4+3mhg6SdRYn0OYq6+BBSA7GwC0Nym5f/UivAlNdddwP1aFG4G7NltjTl8ALQRsr\no0LHgnCORCCI8Gk89Z7yHx3k3V+OkExth3Or1HTwv/5sHVP9/5U+N2X4G9g2eir6\nmhKOOK5FLCvyt0qC+flgtCNYW4fuiF4bRMB/NCgjDCJNmdYXvWU98qm1iww5P/5c\nDIntAoIBAQDHOHh4G84BSqHxxF77K4fLCSbs+qbzura8gg41BvMnUEnv1kF+KwEl\nkiMG+BjOtnAH1l5CJyiX0kFtVMVeA0SP6RapMMm0y4fztoVVVj7umAdzYaKiba/Z\nqQjDOVg0gqnzaDSSCSYq/+EIJjOzTq1nf8kU5f5Pu8EHsrE9Jk7Tj9ElK2jI+MMD\nzRCq3+w8iCNoYHB2IFRbd/5uwUw1deztBIowwz9PzIa2jbxs9zWsZI+Fx0SF8HVL\nXIOhA6cYSxNyIFDMX5tmhovAbpx6HJ4QH3GWHfPHtgOiScVClx6ahAqZ8b72OzBY\nDkAulA9CI1QEnpokiu0hUfrQuJvcqBAL\n-----END PRIVATE KEY-----\n",
            "public_key_fingerprint_md5": "ab:96:c5:e8:5a:56:1a:76:ca:18:51:8b:37:37:d6:63",
            "public_key_fingerprint_sha256": "SHA256:t3i+8iMaPstvyc5PI83xAppi57WBJRSxloaNXGXPcls",
            "public_key_openssh": "ssh-rsa AAAAB3NzaC1yc2EAAAADAQABAAACAQDFY54XZ/ZpbnK1RAPmFespy9Mrh+1MExec7GWNg0OGIO97ESzDTkm2y2qZER1uiGmgXDwS9vdDjiLBPb4u5LWHcmdHuSI4YI4yUp+Lr48o95pHZFQrC/SIKPU4A9LT9A+Ef/BxrLOlf1b+6nluV3Q7zRrnl8/xLFDhpAENqwUiDi4c9zKrFyMO5CtdJ2NVXTK45a5tlh4w+gDMvuBvUTchkANAMEKpJ3KfjIg5gEt2iQwFyXkhBTTBphPLhCQLqFdVTcg2AGfwPn9wQhUuXxwDeIsPou7J7VeuoFYl03ckLB8Fz6iiNUkdABjSfq0DH8NymA50CpZIgTYYHGHhXTCodQvkaJbySkdKbeHYCr1FoM1Ahl/8nCLOI0Q/3QyYBYsGLC4AhPQUT0kT7I8Iqx9Y0DbhC2gY55MVCtIWufnCc05eh1k4VzlA9/FDZiRD1j7+WvKjeqDf7FC4FTFA9iEggoQT9MZJVZXQg3bDt9cTChSFLEEpmZwVncfRlRu9D11wQ1cMJiN+GCaNjX4MxnfPrmZ5itOg/9rLMNqXwvi8eIpXPDvFrPymBHwUEX8P28UsvV4Vr3R4fwbavFSowBcX+e9cXU+t1hA3lWdyr0F/2SQjUF2xdKDLd7gzbuHQ/fVYEX6Xtp2Ymds2IMC4WfBijyJt7cu3dPIoXBxnbpAtew==\n",
            "public_key_pem": "-----BEGIN PUBLIC KEY-----\nMIICIjANBgkqhkiG9w0BAQEFAAOCAg8AMIICCgKCAgEAxWOeF2f2aW5ytUQD5hXr\nKcvTK4ftTBMXnOxljYNDhiDvexEsw05JtstqmREdbohpoFw8Evb3Q44iwT2+LuS1\nh3JnR7kiOGCOMlKfi6+PKPeaR2RUKwv0iCj1OAPS0/QPhH/wcayzpX9W/up5bld0\nO80a55fP8SxQ4aQBDasFIg4uHPcyqxcjDuQrXSdjVV0yuOWubZYeMPoAzL7gb1E3\nIZADQDBCqSdyn4yIOYBLdokMBcl5IQU0waYTy4QkC6hXVU3INgBn8D5/cEIVLl8c\nA3iLD6Luye1XrqBWJdN3JCwfBc+oojVJHQAY0n6tAx/DcpgOdAqWSIE2GBxh4V0w\nqHUL5GiW8kpHSm3h2Aq9RaDNQIZf/JwiziNEP90MmAWLBiwuAIT0FE9JE+yPCKsf\nWNA24QtoGOeTFQrSFrn5wnNOXodZOFc5QPfxQ2YkQ9Y+/lryo3qg3+xQuBUxQPYh\nIIKEE/TGSVWV0IN2w7fXEwoUhSxBKZmcFZ3H0ZUbvQ9dcENXDCYjfhgmjY1+DMZ3\nz65meYrToP/ayzDal8L4vHiKVzw7xaz8pgR8FBF/D9vFLL1eFa90eH8G2rxUqMAX\nF/nvXF1PrdYQN5Vncq9Bf9kkI1BdsXSgy3e4M27h0P31WBF+l7admJnbNiDAuFnw\nYo8ibe3Lt3TyKFwcZ26QLXsCAwEAAQ==\n-----END PUBLIC KEY-----\n",
            "rsa_bits": 4096
          },
          "sensitive_attributes": []
        }
      ]
    }
  ],
  "check_results": []
}
